// !$*UTF8*$!
{
	archiveVersion = 1;
	classes = {
	};
	objectVersion = 55;
	objects = {

/* Begin PBXBuildFile section */
		A834ED6428447D9400300F8F /* class0530App.swift in Sources */ = {isa = PBXBuildFile; fileRef = A834ED6328447D9400300F8F /* class0530App.swift */; };
		A834ED6628447D9400300F8F /* ContentView.swift in Sources */ = {isa = PBXBuildFile; fileRef = A834ED6528447D9400300F8F /* ContentView.swift */; };
		A834ED6828447D9600300F8F /* Assets.xcassets in Resources */ = {isa = PBXBuildFile; fileRef = A834ED6728447D9600300F8F /* Assets.xcassets */; };
		A834ED6B28447D9600300F8F /* Preview Assets.xcassets in Resources */ = {isa = PBXBuildFile; fileRef = A834ED6A28447D9600300F8F /* Preview Assets.xcassets */; };
		A834ED7228447E2900300F8F /* GoogleService-Info.plist in Resources */ = {isa = PBXBuildFile; fileRef = A834ED7128447E2900300F8F /* GoogleService-Info.plist */; };
		A834ED75284480AB00300F8F /* FirebaseAuth in Frameworks */ = {isa = PBXBuildFile; productRef = A834ED74284480AB00300F8F /* FirebaseAuth */; };
		A834ED77284480AB00300F8F /* FirebaseFirestoreSwift in Frameworks */ = {isa = PBXBuildFile; productRef = A834ED76284480AB00300F8F /* FirebaseFirestoreSwift */; };
		A834ED79284480AB00300F8F /* FirebaseStorage in Frameworks */ = {isa = PBXBuildFile; productRef = A834ED78284480AB00300F8F /* FirebaseStorage */; };
		A834ED7B28448B0C00300F8F /* Song.swift in Sources */ = {isa = PBXBuildFile; fileRef = A834ED7A28448B0C00300F8F /* Song.swift */; };
/* End PBXBuildFile section */

/* Begin PBXFileReference section */
		A834ED6028447D9400300F8F /* class0530.app */ = {isa = PBXFileReference; explicitFileType = wrapper.application; includeInIndex = 0; path = class0530.app; sourceTree = BUILT_PRODUCTS_DIR; };
		A834ED6328447D9400300F8F /* class0530App.swift */ = {isa = PBXFileReference; lastKnownFileType = sourcecode.swift; path = class0530App.swift; sourceTree = "<group>"; };
		A834ED6528447D9400300F8F /* ContentView.swift */ = {isa = PBXFileReference; lastKnownFileType = sourcecode.swift; path = ContentView.swift; sourceTree = "<group>"; };
		A834ED6728447D9600300F8F /* Assets.xcassets */ = {isa = PBXFileReference; lastKnownFileType = folder.assetcatalog; path = Assets.xcassets; sourceTree = "<group>"; };
		A834ED6A28447D9600300F8F /* Preview Assets.xcassets */ = {isa = PBXFileReference; lastKnownFileType = folder.assetcatalog; path = "Preview Assets.xcassets"; sourceTree = "<group>"; };
		A834ED7128447E2900300F8F /* GoogleService-Info.plist */ = {isa = PBXFileReference; fileEncoding = 4; lastKnownFileType = text.plist.xml; path = "GoogleService-Info.plist"; sourceTree = "<group>"; };
		A834ED7A28448B0C00300F8F /* Song.swift */ = {isa = PBXFileReference; lastKnownFileType = sourcecode.swift; path = Song.swift; sourceTree = "<group>"; };
/* End PBXFileReference section */

/* Begin PBXFrameworksBuildPhase section */
		A834ED5D28447D9400300F8F /* Frameworks */ = {
			isa = PBXFrameworksBuildPhase;
			buildActionMask = 2147483647;
			files = (
				A834ED75284480AB00300F8F /* FirebaseAuth in Frameworks */,
				A834ED77284480AB00300F8F /* FirebaseFirestoreSwift in Frameworks */,
				A834ED79284480AB00300F8F /* FirebaseStorage in Frameworks */,
			);
			runOnlyForDeploymentPostprocessing = 0;
		};
/* End PBXFrameworksBuildPhase section */

/* Begin PBXGroup section */
		A834ED5728447D9400300F8F = {
			isa = PBXGroup;
			children = (
				A834ED6228447D9400300F8F /* class0530 */,
				A834ED6128447D9400300F8F /* Products */,
			);
			sourceTree = "<group>";
		};
		A834ED6128447D9400300F8F /* Products */ = {
			isa = PBXGroup;
			children = (
				A834ED6028447D9400300F8F /* class0530.app */,
			);
			name = Products;
			sourceTree = "<group>";
		};
		A834ED6228447D9400300F8F /* class0530 */ = {
			isa = PBXGroup;
			children = (
				A834ED7128447E2900300F8F /* GoogleService-Info.plist */,
				A834ED6328447D9400300F8F /* class0530App.swift */,
				A834ED6528447D9400300F8F /* ContentView.swift */,
				A834ED7A28448B0C00300F8F /* Song.swift */,
				A834ED6728447D9600300F8F /* Assets.xcassets */,
				A834ED6928447D9600300F8F /* Preview Content */,
			);
			path = class0530;
			sourceTree = "<group>";
		};
		A834ED6928447D9600300F8F /* Preview Content */ = {
			isa = PBXGroup;
			children = (
				A834ED6A28447D9600300F8F /* Preview Assets.xcassets */,
			);
			path = "Preview Content";
			sourceTree = "<group>";
		};
/* End PBXGroup section */

/* Begin PBXNativeTarget section */
		A834ED5F28447D9400300F8F /* class0530 */ = {
			isa = PBXNativeTarget;
			buildConfigurationList = A834ED6E28447D9700300F8F /* Build configuration list for PBXNativeTarget "class0530" */;
			buildPhases = (
				A834ED5C28447D9400300F8F /* Sources */,
				A834ED5D28447D9400300F8F /* Frameworks */,
				A834ED5E28447D9400300F8F /* Resources */,
			);
			buildRules = (
			);
			dependencies = (
			);
			name = class0530;
			packageProductDependencies = (
				A834ED74284480AB00300F8F /* FirebaseAuth */,
				A834ED76284480AB00300F8F /* FirebaseFirestoreSwift */,
				A834ED78284480AB00300F8F /* FirebaseStorage */,
			);
			productName = class0530;
			productReference = A834ED6028447D9400300F8F /* class0530.app */;
			productType = "com.apple.product-type.application";
		};
/* End PBXNativeTarget section */

/* Begin PBXProject section */
		A834ED5828447D9400300F8F /* Project object */ = {
			isa = PBXProject;
			attributes = {
				BuildIndependentTargetsInParallel = 1;
				LastSwiftUpdateCheck = 1340;
				LastUpgradeCheck = 1340;
				TargetAttributes = {
					A834ED5F28447D9400300F8F = {
						CreatedOnToolsVersion = 13.4;
					};
				};
			};
			buildConfigurationList = A834ED5B28447D9400300F8F /* Build configuration list for PBXProject "class0530" */;
			compatibilityVersion = "Xcode 13.0";
			developmentRegion = en;
			hasScannedForEncodings = 0;
			knownRegions = (
				en,
				Base,
			);
			mainGroup = A834ED5728447D9400300F8F;
			packageReferences = (
				A834ED73284480AB00300F8F /* XCRemoteSwiftPackageReference "firebase-ios-sdk" */,
			);
			productRefGroup = A834ED6128447D9400300F8F /* Products */;
			projectDirPath = "";
			projectRoot = "";
			targets = (
				A834ED5F28447D9400300F8F /* class0530 */,
			);
		};
/* End PBXProject section */

/* Begin PBXResourcesBuildPhase section */
		A834ED5E28447D9400300F8F /* Resources */ = {
			isa = PBXResourcesBuildPhase;
			buildActionMask = 2147483647;
			files = (
				A834ED6B28447D9600300F8F /* Preview Assets.xcassets in Resources */,
				A834ED6828447D9600300F8F /* Assets.xcassets in Resources */,
				A834ED7228447E2900300F8F /* GoogleService-Info.plist in Resources */,
			);
			runOnlyForDeploymentPostprocessing = 0;
		};
/* End PBXResourcesBuildPhase section */

/* Begin PBXSourcesBuildPhase section */
		A834ED5C28447D9400300F8F /* Sources */ = {
			isa = PBXSourcesBuildPhase;
			buildActionMask = 2147483647;
			files = (
				A834ED7B28448B0C00300F8F /* Song.swift in Sources */,
				A834ED6628447D9400300F8F /* ContentView.swift in Sources */,
				A834ED6428447D9400300F8F /* class0530App.swift in Sources */,
			);
			runOnlyForDeploymentPostprocessing = 0;
		};
/* End PBXSourcesBuildPhase section */

/* Begin XCBuildConfiguration section */
		A834ED6C28447D9700300F8F /* Debug */ = {
			isa = XCBuildConfiguration;
			buildSettings = {
				ALWAYS_SEARCH_USER_PATHS = NO;
				CLANG_ANALYZER_NONNULL = YES;
				CLANG_ANALYZER_NUMBER_OBJECT_CONVERSION = YES_AGGRESSIVE;
				CLANG_CXX_LANGUAGE_STANDARD = "gnu++17";
				CLANG_ENABLE_MODULES = YES;
				CLANG_ENABLE_OBJC_ARC = YES;
				CLANG_ENABLE_OBJC_WEAK = YES;
				CLANG_WARN_BLOCK_CAPTURE_AUTORELEASING = YES;
				CLANG_WARN_BOOL_CONVERSION = YES;
				CLANG_WARN_COMMA = YES;
				CLANG_WARN_CONSTANT_CONVERSION = YES;
				CLANG_WARN_DEPRECATED_OBJC_IMPLEMENTATIONS = YES;
				CLANG_WARN_DIRECT_OBJC_ISA_USAGE = YES_ERROR;
				CLANG_WARN_DOCUMENTATION_COMMENTS = YES;
				CLANG_WARN_EMPTY_BODY = YES;
				CLANG_WARN_ENUM_CONVERSION = YES;
				CLANG_WARN_INFINITE_RECURSION = YES;
				CLANG_WARN_INT_CONVERSION = YES;
				CLANG_WARN_NON_LITERAL_NULL_CONVERSION = YES;
				CLANG_WARN_OBJC_IMPLICIT_RETAIN_SELF = YES;
				CLANG_WARN_OBJC_LITERAL_CONVERSION = YES;
				CLANG_WARN_OBJC_ROOT_CLASS = YES_ERROR;
				CLANG_WARN_QUOTED_INCLUDE_IN_FRAMEWORK_HEADER = YES;
				CLANG_WARN_RANGE_LOOP_ANALYSIS = YES;
				CLANG_WARN_STRICT_PROTOTYPES = YES;
				CLANG_WARN_SUSPICIOUS_MOVE = YES;
				CLANG_WARN_UNGUARDED_AVAILABILITY = YES_AGGRESSIVE;
				CLANG_WARN_UNREACHABLE_CODE = YES;
				CLANG_WARN__DUPLICATE_METHOD_MATCH = YES;
				COPY_PHASE_STRIP = NO;
				DEBUG_INFORMATION_FORMAT = dwarf;
				ENABLE_STRICT_OBJC_MSGSEND = YES;
				ENABLE_TESTABILITY = YES;
				GCC_C_LANGUAGE_STANDARD = gnu11;
				GCC_DYNAMIC_NO_PIC = NO;
				GCC_NO_COMMON_BLOCKS = YES;
				GCC_OPTIMIZATION_LEVEL = 0;
				GCC_PREPROCESSOR_DEFINITIONS = (
					"DEBUG=1",
					"$(inherited)",
				);
				GCC_WARN_64_TO_32_BIT_CONVERSION = YES;
				GCC_WARN_ABOUT_RETURN_TYPE = YES_ERROR;
				GCC_WARN_UNDECLARED_SELECTOR = YES;
				GCC_WARN_UNINITIALIZED_AUTOS = YES_AGGRESSIVE;
				GCC_WARN_UNUSED_FUNCTION = YES;
				GCC_WARN_UNUSED_VARIABLE = YES;
				IPHONEOS_DEPLOYMENT_TARGET = 15.5;
				MTL_ENABLE_DEBUG_INFO = INCLUDE_SOURCE;
				MTL_FAST_MATH = YES;
				ONLY_ACTIVE_ARCH = YES;
				SDKROOT = iphoneos;
				SWIFT_ACTIVE_COMPILATION_CONDITIONS = DEBUG;
				SWIFT_OPTIMIZATION_LEVEL = "-Onone";
			};
			name = Debug;
		};
		A834ED6D28447D9700300F8F /* Release */ = {
			isa = XCBuildConfiguration;
			buildSettings = {
				ALWAYS_SEARCH_USER_PATHS = NO;
				CLANG_ANALYZER_NONNULL = YES;
				CLANG_ANALYZER_NUMBER_OBJECT_CONVERSION = YES_AGGRESSIVE;
				CLANG_CXX_LANGUAGE_STANDARD = "gnu++17";
				CLANG_ENABLE_MODULES = YES;
				CLANG_ENABLE_OBJC_ARC = YES;
				CLANG_ENABLE_OBJC_WEAK = YES;
				CLANG_WARN_BLOCK_CAPTURE_AUTORELEASING = YES;
				CLANG_WARN_BOOL_CONVERSION = YES;
				CLANG_WARN_COMMA = YES;
				CLANG_WARN_CONSTANT_CONVERSION = YES;
				CLANG_WARN_DEPRECATED_OBJC_IMPLEMENTATIONS = YES;
				CLANG_WARN_DIRECT_OBJC_ISA_USAGE = YES_ERROR;
				CLANG_WARN_DOCUMENTATION_COMMENTS = YES;
				CLANG_WARN_EMPTY_BODY = YES;
				CLANG_WARN_ENUM_CONVERSION = YES;
				CLANG_WARN_INFINITE_RECURSION = YES;
				CLANG_WARN_INT_CONVERSION = YES;
				CLANG_WARN_NON_LITERAL_NULL_CONVERSION = YES;
				CLANG_WARN_OBJC_IMPLICIT_RETAIN_SELF = YES;
				CLANG_WARN_OBJC_LITERAL_CONVERSION = YES;
				CLANG_WARN_OBJC_ROOT_CLASS = YES_ERROR;
				CLANG_WARN_QUOTED_INCLUDE_IN_FRAMEWORK_HEADER = YES;
				CLANG_WARN_RANGE_LOOP_ANALYSIS = YES;
				CLANG_WARN_STRICT_PROTOTYPES = YES;
				CLANG_WARN_SUSPICIOUS_MOVE = YES;
				CLANG_WARN_UNGUARDED_AVAILABILITY = YES_AGGRESSIVE;
				CLANG_WARN_UNREACHABLE_CODE = YES;
				CLANG_WARN__DUPLICATE_METHOD_MATCH = YES;
				COPY_PHASE_STRIP = NO;
				DEBUG_INFORMATION_FORMAT = "dwarf-with-dsym";
				ENABLE_NS_ASSERTIONS = NO;
				ENABLE_STRICT_OBJC_MSGSEND = YES;
				GCC_C_LANGUAGE_STANDARD = gnu11;
				GCC_NO_COMMON_BLOCKS = YES;
				GCC_WARN_64_TO_32_BIT_CONVERSION = YES;
				GCC_WARN_ABOUT_RETURN_TYPE = YES_ERROR;
				GCC_WARN_UNDECLARED_SELECTOR = YES;
				GCC_WARN_UNINITIALIZED_AUTOS = YES_AGGRESSIVE;
				GCC_WARN_UNUSED_FUNCTION = YES;
				GCC_WARN_UNUSED_VARIABLE = YES;
				IPHONEOS_DEPLOYMENT_TARGET = 15.5;
				MTL_ENABLE_DEBUG_INFO = NO;
				MTL_FAST_MATH = YES;
				SDKROOT = iphoneos;
				SWIFT_COMPILATION_MODE = wholemodule;
				SWIFT_OPTIMIZATION_LEVEL = "-O";
				VALIDATE_PRODUCT = YES;
			};
			name = Release;
		};
		A834ED6F28447D9700300F8F /* Debug */ = {
			isa = XCBuildConfiguration;
			buildSettings = {
				ASSETCATALOG_COMPILER_APPICON_NAME = AppIcon;
				ASSETCATALOG_COMPILER_GLOBAL_ACCENT_COLOR_NAME = AccentColor;
				CODE_SIGN_STYLE = Automatic;
				CURRENT_PROJECT_VERSION = 1;
				DEVELOPMENT_ASSET_PATHS = "\"class0530/Preview Content\"";
				ENABLE_PREVIEWS = YES;
				GENERATE_INFOPLIST_FILE = YES;
				INFOPLIST_KEY_UIApplicationSceneManifest_Generation = YES;
				INFOPLIST_KEY_UIApplicationSupportsIndirectInputEvents = YES;
				INFOPLIST_KEY_UILaunchScreen_Generation = YES;
				INFOPLIST_KEY_UISupportedInterfaceOrientations_iPad = "UIInterfaceOrientationPortrait UIInterfaceOrientationPortraitUpsideDown UIInterfaceOrientationLandscapeLeft UIInterfaceOrientationLandscapeRight";
				INFOPLIST_KEY_UISupportedInterfaceOrientations_iPhone = "UIInterfaceOrientationPortrait UIInterfaceOrientationLandscapeLeft UIInterfaceOrientationLandscapeRight";
				LD_RUNPATH_SEARCH_PATHS = (
					"$(inherited)",
					"@executable_path/Frameworks",
				);
				MARKETING_VERSION = 1.0;
				PRODUCT_BUNDLE_IDENTIFIER = "IOS-programming.class0530";
				PRODUCT_NAME = "$(TARGET_NAME)";
				SWIFT_EMIT_LOC_STRINGS = YES;
				SWIFT_VERSION = 5.0;
				TARGETED_DEVICE_FAMILY = "1,2";
			};
			name = Debug;
		};
		A834ED7028447D9700300F8F /* Release */ = {
			isa = XCBuildConfiguration;
			buildSettings = {
				ASSETCATALOG_COMPILER_APPICON_NAME = AppIcon;
				ASSETCATALOG_COMPILER_GLOBAL_ACCENT_COLOR_NAME = AccentColor;
				CODE_SIGN_STYLE = Automatic;
				CURRENT_PROJECT_VERSION = 1;
				DEVELOPMENT_ASSET_PATHS = "\"class0530/Preview Content\"";
				ENABLE_PREVIEWS = YES;
				GENERATE_INFOPLIST_FILE = YES;
				INFOPLIST_KEY_UIApplicationSceneManifest_Generation = YES;
				INFOPLIST_KEY_UIApplicationSupportsIndirectInputEvents = YES;
				INFOPLIST_KEY_UILaunchScreen_Generation = YES;
				INFOPLIST_KEY_UISupportedInterfaceOrientations_iPad = "UIInterfaceOrientationPortrait UIInterfaceOrientationPortraitUpsideDown UIInterfaceOrientationLandscapeLeft UIInterfaceOrientationLandscapeRight";
				INFOPLIST_KEY_UISupportedInterfaceOrientations_iPhone = "UIInterfaceOrientationPortrait UIInterfaceOrientationLandscapeLeft UIInterfaceOrientationLandscapeRight";
				LD_RUNPATH_SEARCH_PATHS = (
					"$(inherited)",
					"@executable_path/Frameworks",
				);
				MARKETING_VERSION = 1.0;
				PRODUCT_BUNDLE_IDENTIFIER = "IOS-programming.class0530";
				PRODUCT_NAME = "$(TARGET_NAME)";
				SWIFT_EMIT_LOC_STRINGS = YES;
				SWIFT_VERSION = 5.0;
				TARGETED_DEVICE_FAMILY = "1,2";
			};
			name = Release;
		};
/* End XCBuildConfiguration section */

/* Begin XCConfigurationList section */
		A834ED5B28447D9400300F8F /* Build configuration list for PBXProject "class0530" */ = {
			isa = XCConfigurationList;
			buildConfigurations = (
				A834ED6C28447D9700300F8F /* Debug */,
				A834ED6D28447D9700300F8F /* Release */,
			);
			defaultConfigurationIsVisible = 0;
			defaultConfigurationName = Release;
		};
		A834ED6E28447D9700300F8F /* Build configuration list for PBXNativeTarget "class0530" */ = {
			isa = XCConfigurationList;
			buildConfigurations = (
				A834ED6F28447D9700300F8F /* Debug */,
				A834ED7028447D9700300F8F /* Release */,
			);
			defaultConfigurationIsVisible = 0;
			defaultConfigurationName = Release;
		};
/* End XCConfigurationList section */

/* Begin XCRemoteSwiftPackageReference section */
		A834ED73284480AB00300F8F /* XCRemoteSwiftPackageReference "firebase-ios-sdk" */ = {
			isa = XCRemoteSwiftPackageReference;
			repositoryURL = "https://github.com/firebase/firebase-ios-sdk";
			requirement = {
				kind = upToNextMajorVersion;
				minimumVersion = 9.0.0;
			};
		};
/* End XCRemoteSwiftPackageReference section */

/* Begin XCSwiftPackageProductDependency section */
		A834ED74284480AB00300F8F /* FirebaseAuth */ = {
			isa = XCSwiftPackageProductDependency;
			package = A834ED73284480AB00300F8F /* XCRemoteSwiftPackageReference "firebase-ios-sdk" */;
			productName = FirebaseAuth;
		};
		A834ED76284480AB00300F8F /* FirebaseFirestoreSwift */ = {
			isa = XCSwiftPackageProductDependency;
			package = A834ED73284480AB00300F8F /* XCRemoteSwiftPackageReference "firebase-ios-sdk" */;
			productName = FirebaseFirestoreSwift;
		};
		A834ED78284480AB00300F8F /* FirebaseStorage */ = {
			isa = XCSwiftPackageProductDependency;
			package = A834ED73284480AB00300F8F /* XCRemoteSwiftPackageReference "firebase-ios-sdk" */;
			productName = FirebaseStorage;
		};
/* End XCSwiftPackageProductDependency section */
	};
	rootObject = A834ED5828447D9400300F8F /* Project object */;
}
